
Microsoft Visual Studio Solution File, Format Version 12.00
# Visual Studio Version 16
VisualStudioVersion = 16.0.30611.23
MinimumVisualStudioVersion = 10.0.40219.1
Project("{FAE04EC0-301F-11D3-BF4B-00C04F79EFBC}") = "D3", "D3.csproj", "{FF7088E6-AD39-42AF-8B5D-C9804D71E32D}"
EndProject
Global
	GlobalSection(SolutionConfigurationPlatforms) = preSolution
		Debug|Any CPU = Debug|Any CPU
		Release|Any CPU = Release|Any CPU
	EndGlobalSection
	GlobalSection(ProjectConfigurationPlatforms) = postSolution
		{FF7088E6-AD39-42AF-8B5D-C9804D71E32D}.Debug|Any CPU.ActiveCfg = Debug|Any CPU
		{FF7088E6-AD39-42AF-8B5D-C9804D71E32D}.Debug|Any CPU.Build.0 = Debug|Any CPU
		{FF7088E6-AD39-42AF-8B5D-C9804D71E32D}.Release|Any CPU.ActiveCfg = Release|Any CPU
		{FF7088E6-AD39-42AF-8B5D-C9804D71E32D}.Release|Any CPU.Build.0 = Release|Any CPU
	EndGlobalSection
	GlobalSection(SolutionProperties) = preSolution
		HideSolutionNode = FALSE
	EndGlobalSection
	GlobalSection(ExtensibilityGlobals) = postSolution
		SolutionGuid = {758CD536-674B-46FD-BBC1-6440944E2268}
	EndGlobalSection
EndGlobal
